{
  "version": 4,
  "terraform_version": "1.14.3",
  "serial": 36,
  "lineage": "399bd133-33d4-5ccb-40dc-dd862504cdd8",
  "outputs": {
    "processed_bucket": {
      "value": "image-pipeline-processed",
      "type": "string"
    },
    "uploads_bucket": {
      "value": "image-pipeline-uploads",
      "type": "string"
    }
  },
  "resources": [
    {
      "mode": "managed",
      "type": "google_api_gateway_api",
      "name": "image_api",
      "provider": "provider[\"registry.terraform.io/hashicorp/google-beta\"]",
      "instances": [
        {
          "schema_version": 0,
          "attributes": {
            "api_id": "image-upload-api",
            "create_time": "2026-01-25T18:26:19.869424810Z",
            "display_name": "image-upload-api",
            "effective_labels": {},
            "id": "projects/image-pipeline-project-485416/locations/global/apis/image-upload-api",
            "labels": {},
            "managed_service": "image-upload-api-0sghkxomfgnvg.apigateway.image-pipeline-project-485416.cloud.goog",
            "name": "projects/image-pipeline-project-485416/locations/global/apis/image-upload-api",
            "project": "image-pipeline-project-485416",
            "terraform_labels": {},
            "timeouts": null
          },
          "sensitive_attributes": [],
          "identity_schema_version": 0,
          "private": "eyJlMmJmYjczMC1lY2FhLTExZTYtOGY4OC0zNDM2M2JjN2M0YzAiOnsiY3JlYXRlIjoxMjAwMDAwMDAwMDAwLCJkZWxldGUiOjEyMDAwMDAwMDAwMDAsInVwZGF0ZSI6MTIwMDAwMDAwMDAwMH19"
        }
      ]
    },
    {
      "mode": "managed",
      "type": "google_api_gateway_api_config",
      "name": "image_api_config",
      "provider": "provider[\"registry.terraform.io/hashicorp/google-beta\"]",
      "instances": [
        {
          "schema_version": 0,
          "attributes": {
            "api": "image-upload-api",
            "api_config_id": "v1",
            "api_config_id_prefix": null,
            "display_name": "v1",
            "effective_labels": {},
            "gateway_config": [],
            "grpc_services": [],
            "id": "projects/image-pipeline-project-485416/locations/global/apis/image-upload-api/configs/v1",
            "labels": null,
            "managed_service_configs": [],
            "name": "projects/530124209896/locations/global/apis/image-upload-api/configs/v1",
            "openapi_documents": [
              {
                "document": [
                  {
                    "contents": "c3dhZ2dlcjogIjIuMCINCmluZm86DQogIHRpdGxlOiBpbWFnZS11cGxvYWQtYXBpDQogIHZlcnNpb246ICIxLjAuMCINCg0Kc2NoZW1lczoNCiAgLSBodHRwcw0KDQpwYXRoczoNCiAgL3VwbG9hZC1pbWFnZToNCiAgICBwb3N0Og0KICAgICAgb3BlcmF0aW9uSWQ6IHVwbG9hZEltYWdlDQogICAgICB4LWdvb2dsZS1iYWNrZW5kOg0KICAgICAgICBhZGRyZXNzOiBodHRwczovL3VwbG9hZC1pbWFnZS1remp3aWJqZ2thLXVjLmEucnVuLmFwcA0KICAgICAgcmVzcG9uc2VzOg0KICAgICAgICAiMjAyIjoNCiAgICAgICAgICBkZXNjcmlwdGlvbjogQWNjZXB0ZWQNCiAgICAgIHNlY3VyaXR5Og0KICAgICAgICAtIGFwaV9rZXk6IFtdDQoNCnNlY3VyaXR5RGVmaW5pdGlvbnM6DQogIGFwaV9rZXk6DQogICAgdHlwZTogYXBpS2V5DQogICAgbmFtZTogeC1hcGkta2V5DQogICAgaW46IGhlYWRlcg0K",
                    "path": "openapi.yaml"
                  }
                ]
              }
            ],
            "project": "image-pipeline-project-485416",
            "service_config_id": "v1-36mik621yf796",
            "terraform_labels": {},
            "timeouts": null
          },
          "sensitive_attributes": [],
          "identity_schema_version": 0,
          "private": "eyJlMmJmYjczMC1lY2FhLTExZTYtOGY4OC0zNDM2M2JjN2M0YzAiOnsiY3JlYXRlIjoxMjAwMDAwMDAwMDAwLCJkZWxldGUiOjEyMDAwMDAwMDAwMDAsInVwZGF0ZSI6MTIwMDAwMDAwMDAwMH19",
          "dependencies": [
            "google_api_gateway_api.image_api"
          ]
        }
      ]
    },
    {
      "mode": "managed",
      "type": "google_api_gateway_gateway",
      "name": "image_gateway",
      "provider": "provider[\"registry.terraform.io/hashicorp/google-beta\"]",
      "instances": [
        {
          "schema_version": 0,
          "attributes": {
            "api_config": "projects/530124209896/locations/global/apis/image-upload-api/configs/v1",
            "default_hostname": "image-upload-gateway-6rja9m94.uc.gateway.dev",
            "display_name": "image-upload-gateway",
            "effective_labels": {},
            "gateway_id": "image-upload-gateway",
            "id": "projects/image-pipeline-project-485416/locations/us-central1/gateways/image-upload-gateway",
            "labels": null,
            "name": "projects/image-pipeline-project-485416/locations/us-central1/gateways/image-upload-gateway",
            "project": "image-pipeline-project-485416",
            "region": "us-central1",
            "terraform_labels": {},
            "timeouts": null
          },
          "sensitive_attributes": [],
          "identity_schema_version": 0,
          "private": "eyJlMmJmYjczMC1lY2FhLTExZTYtOGY4OC0zNDM2M2JjN2M0YzAiOnsiY3JlYXRlIjoxMjAwMDAwMDAwMDAwLCJkZWxldGUiOjEyMDAwMDAwMDAwMDAsInVwZGF0ZSI6MTIwMDAwMDAwMDAwMH19",
          "dependencies": [
            "google_api_gateway_api.image_api",
            "google_api_gateway_api_config.image_api_config"
          ]
        }
      ]
    },
    {
      "mode": "managed",
      "type": "google_project_iam_member",
      "name": "sa_roles",
      "provider": "provider[\"registry.terraform.io/hashicorp/google\"]",
      "instances": [
        {
          "index_key": "roles/logging.logWriter",
          "schema_version": 0,
          "attributes": {
            "condition": [],
            "etag": "BwZJOobbgFw=",
            "id": "image-pipeline-project-485416/roles/logging.logWriter/serviceAccount:image-functions-sa@image-pipeline-project-485416.iam.gserviceaccount.com",
            "member": "serviceAccount:image-functions-sa@image-pipeline-project-485416.iam.gserviceaccount.com",
            "project": "image-pipeline-project-485416",
            "role": "roles/logging.logWriter"
          },
          "sensitive_attributes": [],
          "identity_schema_version": 0,
          "private": "bnVsbA==",
          "dependencies": [
            "google_service_account.functions_sa"
          ]
        },
        {
          "index_key": "roles/pubsub.publisher",
          "schema_version": 0,
          "attributes": {
            "condition": [],
            "etag": "BwZJOobbgFw=",
            "id": "image-pipeline-project-485416/roles/pubsub.publisher/serviceAccount:image-functions-sa@image-pipeline-project-485416.iam.gserviceaccount.com",
            "member": "serviceAccount:image-functions-sa@image-pipeline-project-485416.iam.gserviceaccount.com",
            "project": "image-pipeline-project-485416",
            "role": "roles/pubsub.publisher"
          },
          "sensitive_attributes": [],
          "identity_schema_version": 0,
          "private": "bnVsbA==",
          "dependencies": [
            "google_service_account.functions_sa"
          ]
        },
        {
          "index_key": "roles/pubsub.subscriber",
          "schema_version": 0,
          "attributes": {
            "condition": [],
            "etag": "BwZJOobbgFw=",
            "id": "image-pipeline-project-485416/roles/pubsub.subscriber/serviceAccount:image-functions-sa@image-pipeline-project-485416.iam.gserviceaccount.com",
            "member": "serviceAccount:image-functions-sa@image-pipeline-project-485416.iam.gserviceaccount.com",
            "project": "image-pipeline-project-485416",
            "role": "roles/pubsub.subscriber"
          },
          "sensitive_attributes": [],
          "identity_schema_version": 0,
          "private": "bnVsbA==",
          "dependencies": [
            "google_service_account.functions_sa"
          ]
        },
        {
          "index_key": "roles/secretmanager.secretAccessor",
          "schema_version": 0,
          "attributes": {
            "condition": [],
            "etag": "BwZJOobbgFw=",
            "id": "image-pipeline-project-485416/roles/secretmanager.secretAccessor/serviceAccount:image-functions-sa@image-pipeline-project-485416.iam.gserviceaccount.com",
            "member": "serviceAccount:image-functions-sa@image-pipeline-project-485416.iam.gserviceaccount.com",
            "project": "image-pipeline-project-485416",
            "role": "roles/secretmanager.secretAccessor"
          },
          "sensitive_attributes": [],
          "identity_schema_version": 0,
          "private": "bnVsbA==",
          "dependencies": [
            "google_service_account.functions_sa"
          ]
        },
        {
          "index_key": "roles/storage.objectAdmin",
          "schema_version": 0,
          "attributes": {
            "condition": [],
            "etag": "BwZJOobbgFw=",
            "id": "image-pipeline-project-485416/roles/storage.objectAdmin/serviceAccount:image-functions-sa@image-pipeline-project-485416.iam.gserviceaccount.com",
            "member": "serviceAccount:image-functions-sa@image-pipeline-project-485416.iam.gserviceaccount.com",
            "project": "image-pipeline-project-485416",
            "role": "roles/storage.objectAdmin"
          },
          "sensitive_attributes": [],
          "identity_schema_version": 0,
          "private": "bnVsbA==",
          "dependencies": [
            "google_service_account.functions_sa"
          ]
        }
      ]
    },
    {
      "mode": "managed",
      "type": "google_pubsub_topic",
      "name": "requests",
      "provider": "provider[\"registry.terraform.io/hashicorp/google\"]",
      "instances": [
        {
          "schema_version": 0,
          "attributes": {
            "effective_labels": {},
            "id": "projects/image-pipeline-project-485416/topics/image-processing-requests",
            "ingestion_data_source_settings": [],
            "kms_key_name": "",
            "labels": {},
            "message_retention_duration": "",
            "message_storage_policy": [],
            "name": "image-processing-requests",
            "project": "image-pipeline-project-485416",
            "schema_settings": [],
            "terraform_labels": {},
            "timeouts": null
          },
          "sensitive_attributes": [],
          "identity_schema_version": 0,
          "private": "eyJlMmJmYjczMC1lY2FhLTExZTYtOGY4OC0zNDM2M2JjN2M0YzAiOnsiY3JlYXRlIjoxMjAwMDAwMDAwMDAwLCJkZWxldGUiOjEyMDAwMDAwMDAwMDAsInVwZGF0ZSI6MTIwMDAwMDAwMDAwMH19"
        }
      ]
    },
    {
      "mode": "managed",
      "type": "google_pubsub_topic",
      "name": "results",
      "provider": "provider[\"registry.terraform.io/hashicorp/google\"]",
      "instances": [
        {
          "schema_version": 0,
          "attributes": {
            "effective_labels": {},
            "id": "projects/image-pipeline-project-485416/topics/image-processing-results",
            "ingestion_data_source_settings": [],
            "kms_key_name": "",
            "labels": {},
            "message_retention_duration": "",
            "message_storage_policy": [],
            "name": "image-processing-results",
            "project": "image-pipeline-project-485416",
            "schema_settings": [],
            "terraform_labels": {},
            "timeouts": null
          },
          "sensitive_attributes": [],
          "identity_schema_version": 0,
          "private": "eyJlMmJmYjczMC1lY2FhLTExZTYtOGY4OC0zNDM2M2JjN2M0YzAiOnsiY3JlYXRlIjoxMjAwMDAwMDAwMDAwLCJkZWxldGUiOjEyMDAwMDAwMDAwMDAsInVwZGF0ZSI6MTIwMDAwMDAwMDAwMH19"
        }
      ]
    },
    {
      "mode": "managed",
      "type": "google_secret_manager_secret",
      "name": "api_key",
      "provider": "provider[\"registry.terraform.io/hashicorp/google\"]",
      "instances": [
        {
          "schema_version": 0,
          "attributes": {
            "annotations": {},
            "create_time": "2026-01-25T17:36:40.869168Z",
            "effective_annotations": {},
            "effective_labels": {},
            "expire_time": "",
            "id": "projects/image-pipeline-project-485416/secrets/api-gateway-key",
            "labels": {},
            "name": "projects/530124209896/secrets/api-gateway-key",
            "project": "image-pipeline-project-485416",
            "replication": [
              {
                "auto": [
                  {
                    "customer_managed_encryption": []
                  }
                ],
                "user_managed": []
              }
            ],
            "rotation": [],
            "secret_id": "api-gateway-key",
            "terraform_labels": {},
            "timeouts": null,
            "topics": [],
            "ttl": null,
            "version_aliases": {},
            "version_destroy_ttl": ""
          },
          "sensitive_attributes": [],
          "identity_schema_version": 0,
          "private": "eyJlMmJmYjczMC1lY2FhLTExZTYtOGY4OC0zNDM2M2JjN2M0YzAiOnsiY3JlYXRlIjoxMjAwMDAwMDAwMDAwLCJkZWxldGUiOjEyMDAwMDAwMDAwMDAsInVwZGF0ZSI6MTIwMDAwMDAwMDAwMH19"
        }
      ]
    },
    {
      "mode": "managed",
      "type": "google_secret_manager_secret_version",
      "name": "api_key_version",
      "provider": "provider[\"registry.terraform.io/hashicorp/google\"]",
      "instances": [
        {
          "schema_version": 0,
          "attributes": {
            "create_time": "2026-01-25T18:26:21.403584Z",
            "deletion_policy": "DELETE",
            "destroy_time": "",
            "enabled": true,
            "id": "projects/530124209896/secrets/api-gateway-key/versions/2",
            "is_secret_data_base64": false,
            "name": "projects/530124209896/secrets/api-gateway-key/versions/2",
            "secret": "projects/image-pipeline-project-485416/secrets/api-gateway-key",
            "secret_data": "dummy-api-key",
            "timeouts": null,
            "version": "2"
          },
          "sensitive_attributes": [
            [
              {
                "type": "get_attr",
                "value": "secret_data"
              }
            ]
          ],
          "identity_schema_version": 0,
          "private": "eyJlMmJmYjczMC1lY2FhLTExZTYtOGY4OC0zNDM2M2JjN2M0YzAiOnsiY3JlYXRlIjoxMjAwMDAwMDAwMDAwLCJkZWxldGUiOjEyMDAwMDAwMDAwMDAsInVwZGF0ZSI6MTIwMDAwMDAwMDAwMH19",
          "dependencies": [
            "google_secret_manager_secret.api_key"
          ]
        }
      ]
    },
    {
      "mode": "managed",
      "type": "google_service_account",
      "name": "functions_sa",
      "provider": "provider[\"registry.terraform.io/hashicorp/google\"]",
      "instances": [
        {
          "schema_version": 0,
          "attributes": {
            "account_id": "image-functions-sa",
            "create_ignore_already_exists": null,
            "description": "",
            "disabled": false,
            "display_name": "Image Functions Service Account",
            "email": "image-functions-sa@image-pipeline-project-485416.iam.gserviceaccount.com",
            "id": "projects/image-pipeline-project-485416/serviceAccounts/image-functions-sa@image-pipeline-project-485416.iam.gserviceaccount.com",
            "member": "serviceAccount:image-functions-sa@image-pipeline-project-485416.iam.gserviceaccount.com",
            "name": "projects/image-pipeline-project-485416/serviceAccounts/image-functions-sa@image-pipeline-project-485416.iam.gserviceaccount.com",
            "project": "image-pipeline-project-485416",
            "timeouts": null,
            "unique_id": "114837685729235319247"
          },
          "sensitive_attributes": [],
          "identity_schema_version": 0,
          "private": "eyJlMmJmYjczMC1lY2FhLTExZTYtOGY4OC0zNDM2M2JjN2M0YzAiOnsiY3JlYXRlIjozMDAwMDAwMDAwMDB9fQ=="
        }
      ]
    },
    {
      "mode": "managed",
      "type": "google_storage_bucket",
      "name": "processed",
      "provider": "provider[\"registry.terraform.io/hashicorp/google\"]",
      "instances": [
        {
          "schema_version": 2,
          "attributes": {
            "autoclass": [],
            "cors": [],
            "custom_placement_config": [],
            "default_event_based_hold": false,
            "effective_labels": {},
            "enable_object_retention": false,
            "encryption": [],
            "force_destroy": false,
            "id": "image-pipeline-processed",
            "labels": {},
            "lifecycle_rule": [],
            "location": "US-CENTRAL1",
            "logging": [],
            "name": "image-pipeline-processed",
            "project": "image-pipeline-project-485416",
            "project_number": 530124209896,
            "public_access_prevention": "inherited",
            "requester_pays": false,
            "retention_policy": [],
            "rpo": null,
            "self_link": "https://www.googleapis.com/storage/v1/b/image-pipeline-processed",
            "soft_delete_policy": [
              {
                "effective_time": "2026-01-25T17:36:41.385Z",
                "retention_duration_seconds": 604800
              }
            ],
            "storage_class": "STANDARD",
            "terraform_labels": {},
            "timeouts": null,
            "uniform_bucket_level_access": false,
            "url": "gs://image-pipeline-processed",
            "versioning": [],
            "website": []
          },
          "sensitive_attributes": [],
          "identity_schema_version": 0,
          "private": "eyJlMmJmYjczMC1lY2FhLTExZTYtOGY4OC0zNDM2M2JjN2M0YzAiOnsiY3JlYXRlIjo2MDAwMDAwMDAwMDAsInJlYWQiOjI0MDAwMDAwMDAwMCwidXBkYXRlIjoyNDAwMDAwMDAwMDB9LCJzY2hlbWFfdmVyc2lvbiI6IjIifQ=="
        }
      ]
    },
    {
      "mode": "managed",
      "type": "google_storage_bucket",
      "name": "uploads",
      "provider": "provider[\"registry.terraform.io/hashicorp/google\"]",
      "instances": [
        {
          "schema_version": 2,
          "attributes": {
            "autoclass": [],
            "cors": [],
            "custom_placement_config": [],
            "default_event_based_hold": false,
            "effective_labels": {},
            "enable_object_retention": false,
            "encryption": [],
            "force_destroy": false,
            "id": "image-pipeline-uploads",
            "labels": {},
            "lifecycle_rule": [
              {
                "action": [
                  {
                    "storage_class": "",
                    "type": "Delete"
                  }
                ],
                "condition": [
                  {
                    "age": 7,
                    "created_before": "",
                    "custom_time_before": "",
                    "days_since_custom_time": 0,
                    "days_since_noncurrent_time": 0,
                    "matches_prefix": [],
                    "matches_storage_class": [],
                    "matches_suffix": [],
                    "no_age": false,
                    "noncurrent_time_before": "",
                    "num_newer_versions": 0,
                    "send_age_if_zero": true,
                    "send_days_since_custom_time_if_zero": false,
                    "send_days_since_noncurrent_time_if_zero": false,
                    "send_num_newer_versions_if_zero": false,
                    "with_state": "ANY"
                  }
                ]
              }
            ],
            "location": "US-CENTRAL1",
            "logging": [],
            "name": "image-pipeline-uploads",
            "project": "image-pipeline-project-485416",
            "project_number": 530124209896,
            "public_access_prevention": "inherited",
            "requester_pays": false,
            "retention_policy": [],
            "rpo": null,
            "self_link": "https://www.googleapis.com/storage/v1/b/image-pipeline-uploads",
            "soft_delete_policy": [
              {
                "effective_time": "2026-01-25T17:36:41.326Z",
                "retention_duration_seconds": 604800
              }
            ],
            "storage_class": "STANDARD",
            "terraform_labels": {},
            "timeouts": null,
            "uniform_bucket_level_access": false,
            "url": "gs://image-pipeline-uploads",
            "versioning": [],
            "website": []
          },
          "sensitive_attributes": [],
          "identity_schema_version": 0,
          "private": "eyJlMmJmYjczMC1lY2FhLTExZTYtOGY4OC0zNDM2M2JjN2M0YzAiOnsiY3JlYXRlIjo2MDAwMDAwMDAwMDAsInJlYWQiOjI0MDAwMDAwMDAwMCwidXBkYXRlIjoyNDAwMDAwMDAwMDB9LCJzY2hlbWFfdmVyc2lvbiI6IjIifQ=="
        }
      ]
    }
  ],
  "check_results": null
}
